
Microsoft Visual Studio Solution File, Format Version 12.00
# Visual Studio Version 16
VisualStudioVersion = 16.0.30011.22
MinimumVisualStudioVersion = 10.0.40219.1
Project("{2150E333-8FDC-42A3-9474-1A3956D46DE8}") = "ManageRates.AspnetCore", "ManageRates.AspnetCore", "{743AF201-6F95-4106-B135-1C7D1D6C6D90}"
EndProject
Project("{2150E333-8FDC-42A3-9474-1A3956D46DE8}") = "ManageRates.Core", "ManageRates.Core", "{836E1598-C72F-4302-839C-A0F3BB602442}"
EndProject
Project("{9A19103F-16F7-4668-BE54-9A1E7A4F7556}") = "ManageRates.AspnetCore", "ManageRates.AspnetCore\src\ManageRates.AspnetCore.csproj", "{B5DEEFF5-BDB9-4051-9480-A3B8FC62BB10}"
EndProject
Project("{9A19103F-16F7-4668-BE54-9A1E7A4F7556}") = "ManageRates.AspnetCore.Tests", "ManageRates.AspnetCore\test\ManageRates.AspnetCore.Tests.csproj", "{5AF03FF3-B43C-4708-9402-FEBF810AD966}"
EndProject
Project("{9A19103F-16F7-4668-BE54-9A1E7A4F7556}") = "ManageRates.Core", "ManageRates.Core\src\ManageRates.Core.csproj", "{C472A7FF-7AF2-449F-BE55-B29320343546}"
EndProject
Project("{9A19103F-16F7-4668-BE54-9A1E7A4F7556}") = "ManageRates.Core.Tests", "ManageRates.Core\test\ManageRates.Core.Tests.csproj", "{D7545442-0507-42AF-B47A-816A4642B507}"
EndProject
Project("{2150E333-8FDC-42A3-9474-1A3956D46DE8}") = "Tests", "Tests", "{17629876-FB11-4745-B6DB-DBFC2C8081BF}"
EndProject
Project("{2150E333-8FDC-42A3-9474-1A3956D46DE8}") = "IntegrationTests", "IntegrationTests", "{1F982E31-6F1B-4258-846D-E207DFFF2F70}"
EndProject
Project("{2150E333-8FDC-42A3-9474-1A3956D46DE8}") = "LoadTests", "LoadTests", "{65BAC592-27A4-4D50-A0D5-063B975EA21E}"
EndProject
Project("{9A19103F-16F7-4668-BE54-9A1E7A4F7556}") = "Integration.Tests", "Tests\IntegrationTests\Integration.Tests.csproj", "{48D2E18B-4306-414D-9538-FD5426355494}"
EndProject
Project("{9A19103F-16F7-4668-BE54-9A1E7A4F7556}") = "Load.Tests", "Tests\LoadTests\Load.Tests.csproj", "{F93615C1-9BA6-45C3-8A3C-182FA061111B}"
EndProject
Project("{9A19103F-16F7-4668-BE54-9A1E7A4F7556}") = "WebApi", "..\samples\WebApi\WebApi.csproj", "{A9E92510-D203-4AA8-9E51-020E6D404901}"
EndProject
Project("{2150E333-8FDC-42A3-9474-1A3956D46DE8}") = "BenchmarkTest", "BenchmarkTest", "{4DBB3306-6117-42B2-96E7-815A57E9F5B7}"
EndProject
Project("{9A19103F-16F7-4668-BE54-9A1E7A4F7556}") = "Benchmark.Test", "Tests\BenchmarkTest\Benchmark.Test.csproj", "{95C93BA2-00D7-4137-93E1-278398DC1CDB}"
EndProject
Project("{2150E333-8FDC-42A3-9474-1A3956D46DE8}") = "EfficiencyTest", "EfficiencyTest", "{5B250EAF-E60A-4269-B4E9-ED19892FC997}"
EndProject
Project("{9A19103F-16F7-4668-BE54-9A1E7A4F7556}") = "Efficiency.Test", "Tests\EfficencyTest\Efficiency.Test.csproj", "{7E72160F-9780-4F47-8520-1473244F9D1D}"
EndProject
Global
	GlobalSection(SolutionConfigurationPlatforms) = preSolution
		Debug|Any CPU = Debug|Any CPU
		Release|Any CPU = Release|Any CPU
	EndGlobalSection
	GlobalSection(ProjectConfigurationPlatforms) = postSolution
		{B5DEEFF5-BDB9-4051-9480-A3B8FC62BB10}.Debug|Any CPU.ActiveCfg = Debug|Any CPU
		{B5DEEFF5-BDB9-4051-9480-A3B8FC62BB10}.Debug|Any CPU.Build.0 = Debug|Any CPU
		{B5DEEFF5-BDB9-4051-9480-A3B8FC62BB10}.Release|Any CPU.ActiveCfg = Release|Any CPU
		{B5DEEFF5-BDB9-4051-9480-A3B8FC62BB10}.Release|Any CPU.Build.0 = Release|Any CPU
		{5AF03FF3-B43C-4708-9402-FEBF810AD966}.Debug|Any CPU.ActiveCfg = Debug|Any CPU
		{5AF03FF3-B43C-4708-9402-FEBF810AD966}.Debug|Any CPU.Build.0 = Debug|Any CPU
		{5AF03FF3-B43C-4708-9402-FEBF810AD966}.Release|Any CPU.ActiveCfg = Release|Any CPU
		{5AF03FF3-B43C-4708-9402-FEBF810AD966}.Release|Any CPU.Build.0 = Release|Any CPU
		{C472A7FF-7AF2-449F-BE55-B29320343546}.Debug|Any CPU.ActiveCfg = Debug|Any CPU
		{C472A7FF-7AF2-449F-BE55-B29320343546}.Debug|Any CPU.Build.0 = Debug|Any CPU
		{C472A7FF-7AF2-449F-BE55-B29320343546}.Release|Any CPU.ActiveCfg = Release|Any CPU
		{C472A7FF-7AF2-449F-BE55-B29320343546}.Release|Any CPU.Build.0 = Release|Any CPU
		{D7545442-0507-42AF-B47A-816A4642B507}.Debug|Any CPU.ActiveCfg = Debug|Any CPU
		{D7545442-0507-42AF-B47A-816A4642B507}.Debug|Any CPU.Build.0 = Debug|Any CPU
		{D7545442-0507-42AF-B47A-816A4642B507}.Release|Any CPU.ActiveCfg = Release|Any CPU
		{D7545442-0507-42AF-B47A-816A4642B507}.Release|Any CPU.Build.0 = Release|Any CPU
		{48D2E18B-4306-414D-9538-FD5426355494}.Debug|Any CPU.ActiveCfg = Debug|Any CPU
		{48D2E18B-4306-414D-9538-FD5426355494}.Debug|Any CPU.Build.0 = Debug|Any CPU
		{48D2E18B-4306-414D-9538-FD5426355494}.Release|Any CPU.ActiveCfg = Release|Any CPU
		{48D2E18B-4306-414D-9538-FD5426355494}.Release|Any CPU.Build.0 = Release|Any CPU
		{F93615C1-9BA6-45C3-8A3C-182FA061111B}.Debug|Any CPU.ActiveCfg = Debug|Any CPU
		{F93615C1-9BA6-45C3-8A3C-182FA061111B}.Debug|Any CPU.Build.0 = Debug|Any CPU
		{F93615C1-9BA6-45C3-8A3C-182FA061111B}.Release|Any CPU.ActiveCfg = Release|Any CPU
		{F93615C1-9BA6-45C3-8A3C-182FA061111B}.Release|Any CPU.Build.0 = Release|Any CPU
		{A9E92510-D203-4AA8-9E51-020E6D404901}.Debug|Any CPU.ActiveCfg = Debug|Any CPU
		{A9E92510-D203-4AA8-9E51-020E6D404901}.Debug|Any CPU.Build.0 = Debug|Any CPU
		{A9E92510-D203-4AA8-9E51-020E6D404901}.Release|Any CPU.ActiveCfg = Release|Any CPU
		{A9E92510-D203-4AA8-9E51-020E6D404901}.Release|Any CPU.Build.0 = Release|Any CPU
		{95C93BA2-00D7-4137-93E1-278398DC1CDB}.Debug|Any CPU.ActiveCfg = Debug|Any CPU
		{95C93BA2-00D7-4137-93E1-278398DC1CDB}.Debug|Any CPU.Build.0 = Debug|Any CPU
		{95C93BA2-00D7-4137-93E1-278398DC1CDB}.Release|Any CPU.ActiveCfg = Release|Any CPU
		{95C93BA2-00D7-4137-93E1-278398DC1CDB}.Release|Any CPU.Build.0 = Release|Any CPU
		{7E72160F-9780-4F47-8520-1473244F9D1D}.Debug|Any CPU.ActiveCfg = Debug|Any CPU
		{7E72160F-9780-4F47-8520-1473244F9D1D}.Debug|Any CPU.Build.0 = Debug|Any CPU
		{7E72160F-9780-4F47-8520-1473244F9D1D}.Release|Any CPU.ActiveCfg = Release|Any CPU
		{7E72160F-9780-4F47-8520-1473244F9D1D}.Release|Any CPU.Build.0 = Release|Any CPU
	EndGlobalSection
	GlobalSection(SolutionProperties) = preSolution
		HideSolutionNode = FALSE
	EndGlobalSection
	GlobalSection(NestedProjects) = preSolution
		{B5DEEFF5-BDB9-4051-9480-A3B8FC62BB10} = {743AF201-6F95-4106-B135-1C7D1D6C6D90}
		{5AF03FF3-B43C-4708-9402-FEBF810AD966} = {743AF201-6F95-4106-B135-1C7D1D6C6D90}
		{C472A7FF-7AF2-449F-BE55-B29320343546} = {836E1598-C72F-4302-839C-A0F3BB602442}
		{D7545442-0507-42AF-B47A-816A4642B507} = {836E1598-C72F-4302-839C-A0F3BB602442}
		{1F982E31-6F1B-4258-846D-E207DFFF2F70} = {17629876-FB11-4745-B6DB-DBFC2C8081BF}
		{65BAC592-27A4-4D50-A0D5-063B975EA21E} = {17629876-FB11-4745-B6DB-DBFC2C8081BF}
		{48D2E18B-4306-414D-9538-FD5426355494} = {1F982E31-6F1B-4258-846D-E207DFFF2F70}
		{F93615C1-9BA6-45C3-8A3C-182FA061111B} = {65BAC592-27A4-4D50-A0D5-063B975EA21E}
		{A9E92510-D203-4AA8-9E51-020E6D404901} = {1F982E31-6F1B-4258-846D-E207DFFF2F70}
		{4DBB3306-6117-42B2-96E7-815A57E9F5B7} = {17629876-FB11-4745-B6DB-DBFC2C8081BF}
		{95C93BA2-00D7-4137-93E1-278398DC1CDB} = {4DBB3306-6117-42B2-96E7-815A57E9F5B7}
		{5B250EAF-E60A-4269-B4E9-ED19892FC997} = {17629876-FB11-4745-B6DB-DBFC2C8081BF}
		{7E72160F-9780-4F47-8520-1473244F9D1D} = {5B250EAF-E60A-4269-B4E9-ED19892FC997}
	EndGlobalSection
	GlobalSection(ExtensibilityGlobals) = postSolution
		SolutionGuid = {928C1669-81CF-4B91-BB7F-3A51C23CA92C}
	EndGlobalSection
EndGlobal
